
Microsoft Visual Studio Solution File, Format Version 12.00
# Visual Studio Version 17
VisualStudioVersion = 17.0.31903.59
MinimumVisualStudioVersion = 10.0.40219.1
Project("{2150E333-8FDC-42A3-9474-1A3956D46DE8}") = "src", "src", "{59E25021-C100-4FA2-B1AB-3C8D069F485C}"
EndProject
Project("{FAE04EC0-301F-11D3-BF4B-00C04F79EFBC}") = "AuctionService", "src\AuctionService\AuctionService.csproj", "{79B58A5B-4AB1-46D7-9C83-602CDDE25685}"
EndProject
Project("{FAE04EC0-301F-11D3-BF4B-00C04F79EFBC}") = "SearchService", "src\SearchService\SearchService.csproj", "{42504AAE-7C21-490E-A0A0-3CD0C7712610}"
EndProject
Global
	GlobalSection(SolutionConfigurationPlatforms) = preSolution
		Debug|Any CPU = Debug|Any CPU
		Release|Any CPU = Release|Any CPU
	EndGlobalSection
	GlobalSection(SolutionProperties) = preSolution
		HideSolutionNode = FALSE
	EndGlobalSection
	GlobalSection(ProjectConfigurationPlatforms) = postSolution
		{79B58A5B-4AB1-46D7-9C83-602CDDE25685}.Debug|Any CPU.ActiveCfg = Debug|Any CPU
		{79B58A5B-4AB1-46D7-9C83-602CDDE25685}.Debug|Any CPU.Build.0 = Debug|Any CPU
		{79B58A5B-4AB1-46D7-9C83-602CDDE25685}.Release|Any CPU.ActiveCfg = Release|Any CPU
		{79B58A5B-4AB1-46D7-9C83-602CDDE25685}.Release|Any CPU.Build.0 = Release|Any CPU
		{42504AAE-7C21-490E-A0A0-3CD0C7712610}.Debug|Any CPU.ActiveCfg = Debug|Any CPU
		{42504AAE-7C21-490E-A0A0-3CD0C7712610}.Debug|Any CPU.Build.0 = Debug|Any CPU
		{42504AAE-7C21-490E-A0A0-3CD0C7712610}.Release|Any CPU.ActiveCfg = Release|Any CPU
		{42504AAE-7C21-490E-A0A0-3CD0C7712610}.Release|Any CPU.Build.0 = Release|Any CPU
	EndGlobalSection
	GlobalSection(NestedProjects) = preSolution
		{79B58A5B-4AB1-46D7-9C83-602CDDE25685} = {59E25021-C100-4FA2-B1AB-3C8D069F485C}
		{42504AAE-7C21-490E-A0A0-3CD0C7712610} = {59E25021-C100-4FA2-B1AB-3C8D069F485C}
	EndGlobalSection
EndGlobal
